// !$*UTF8*$!
{
	archiveVersion = 1;
	classes = {
	};
	objectVersion = 46;
	objects = {

/* Begin PBXBuildFile section */
		F107071115B93298009ECA2B /* CalculatorGraphView.m in Sources */ = {isa = PBXBuildFile; fileRef = F107071015B93298009ECA2B /* CalculatorGraphView.m */; };
		F107071415B93321009ECA2B /* CalculatorGraphViewController.m in Sources */ = {isa = PBXBuildFile; fileRef = F107071315B93321009ECA2B /* CalculatorGraphViewController.m */; };
		F107072715B9F15B009ECA2B /* AxesDrawer.m in Sources */ = {isa = PBXBuildFile; fileRef = F107072615B9F15B009ECA2B /* AxesDrawer.m */; };
		F12B8C1E15608F4100E2EF39 /* CalculatorBrain.m in Sources */ = {isa = PBXBuildFile; fileRef = F12B8C1D15608F4100E2EF39 /* CalculatorBrain.m */; };
		F1C78ACE155AD6C3009F39AC /* UIKit.framework in Frameworks */ = {isa = PBXBuildFile; fileRef = F1C78ACD155AD6C3009F39AC /* UIKit.framework */; };
		F1C78AD0155AD6C3009F39AC /* Foundation.framework in Frameworks */ = {isa = PBXBuildFile; fileRef = F1C78ACF155AD6C3009F39AC /* Foundation.framework */; };
		F1C78AD2155AD6C3009F39AC /* CoreGraphics.framework in Frameworks */ = {isa = PBXBuildFile; fileRef = F1C78AD1155AD6C3009F39AC /* CoreGraphics.framework */; };
		F1C78AD8155AD6C3009F39AC /* InfoPlist.strings in Resources */ = {isa = PBXBuildFile; fileRef = F1C78AD6155AD6C3009F39AC /* InfoPlist.strings */; };
		F1C78ADA155AD6C3009F39AC /* main.m in Sources */ = {isa = PBXBuildFile; fileRef = F1C78AD9155AD6C3009F39AC /* main.m */; };
		F1C78ADE155AD6C3009F39AC /* CalculatorAppDelegate.m in Sources */ = {isa = PBXBuildFile; fileRef = F1C78ADD155AD6C3009F39AC /* CalculatorAppDelegate.m */; };
		F1C78AE1155AD6C3009F39AC /* iPhone.storyboard in Resources */ = {isa = PBXBuildFile; fileRef = F1C78ADF155AD6C3009F39AC /* iPhone.storyboard */; };
		F1C78AE4155AD6C3009F39AC /* CalculatorViewController.m in Sources */ = {isa = PBXBuildFile; fileRef = F1C78AE3155AD6C3009F39AC /* CalculatorViewController.m */; };
/* End PBXBuildFile section */

/* Begin PBXFileReference section */
		F107070F15B93298009ECA2B /* CalculatorGraphView.h */ = {isa = PBXFileReference; fileEncoding = 4; lastKnownFileType = sourcecode.c.h; path = CalculatorGraphView.h; sourceTree = "<group>"; };
		F107071015B93298009ECA2B /* CalculatorGraphView.m */ = {isa = PBXFileReference; fileEncoding = 4; lastKnownFileType = sourcecode.c.objc; path = CalculatorGraphView.m; sourceTree = "<group>"; };
		F107071215B93321009ECA2B /* CalculatorGraphViewController.h */ = {isa = PBXFileReference; fileEncoding = 4; lastKnownFileType = sourcecode.c.h; path = CalculatorGraphViewController.h; sourceTree = "<group>"; };
		F107071315B93321009ECA2B /* CalculatorGraphViewController.m */ = {isa = PBXFileReference; fileEncoding = 4; lastKnownFileType = sourcecode.c.objc; path = CalculatorGraphViewController.m; sourceTree = "<group>"; };
		F107072515B9F15B009ECA2B /* AxesDrawer.h */ = {isa = PBXFileReference; fileEncoding = 4; lastKnownFileType = sourcecode.c.h; path = AxesDrawer.h; sourceTree = "<group>"; };
		F107072615B9F15B009ECA2B /* AxesDrawer.m */ = {isa = PBXFileReference; fileEncoding = 4; lastKnownFileType = sourcecode.c.objc; path = AxesDrawer.m; sourceTree = "<group>"; };
		F12B8C1C15608F4100E2EF39 /* CalculatorBrain.h */ = {isa = PBXFileReference; fileEncoding = 4; lastKnownFileType = sourcecode.c.h; path = CalculatorBrain.h; sourceTree = "<group>"; };
		F12B8C1D15608F4100E2EF39 /* CalculatorBrain.m */ = {isa = PBXFileReference; fileEncoding = 4; lastKnownFileType = sourcecode.c.objc; path = CalculatorBrain.m; sourceTree = "<group>"; };
		F1C78AC9155AD6C3009F39AC /* Calculator.app */ = {isa = PBXFileReference; explicitFileType = wrapper.application; includeInIndex = 0; path = Calculator.app; sourceTree = BUILT_PRODUCTS_DIR; };
		F1C78ACD155AD6C3009F39AC /* UIKit.framework */ = {isa = PBXFileReference; lastKnownFileType = wrapper.framework; name = UIKit.framework; path = System/Library/Frameworks/UIKit.framework; sourceTree = SDKROOT; };
		F1C78ACF155AD6C3009F39AC /* Foundation.framework */ = {isa = PBXFileReference; lastKnownFileType = wrapper.framework; name = Foundation.framework; path = System/Library/Frameworks/Foundation.framework; sourceTree = SDKROOT; };
		F1C78AD1155AD6C3009F39AC /* CoreGraphics.framework */ = {isa = PBXFileReference; lastKnownFileType = wrapper.framework; name = CoreGraphics.framework; path = System/Library/Frameworks/CoreGraphics.framework; sourceTree = SDKROOT; };
		F1C78AD5155AD6C3009F39AC /* Calculator-Info.plist */ = {isa = PBXFileReference; lastKnownFileType = text.plist.xml; path = "Calculator-Info.plist"; sourceTree = "<group>"; };
		F1C78AD7155AD6C3009F39AC /* en */ = {isa = PBXFileReference; lastKnownFileType = text.plist.strings; name = en; path = en.lproj/InfoPlist.strings; sourceTree = "<group>"; };
		F1C78AD9155AD6C3009F39AC /* main.m */ = {isa = PBXFileReference; lastKnownFileType = sourcecode.c.objc; path = main.m; sourceTree = "<group>"; };
		F1C78ADB155AD6C3009F39AC /* Calculator-Prefix.pch */ = {isa = PBXFileReference; lastKnownFileType = sourcecode.c.h; path = "Calculator-Prefix.pch"; sourceTree = "<group>"; };
		F1C78ADC155AD6C3009F39AC /* CalculatorAppDelegate.h */ = {isa = PBXFileReference; lastKnownFileType = sourcecode.c.h; path = CalculatorAppDelegate.h; sourceTree = "<group>"; };
		F1C78ADD155AD6C3009F39AC /* CalculatorAppDelegate.m */ = {isa = PBXFileReference; lastKnownFileType = sourcecode.c.objc; path = CalculatorAppDelegate.m; sourceTree = "<group>"; };
		F1C78AE0155AD6C3009F39AC /* en */ = {isa = PBXFileReference; lastKnownFileType = file.storyboard; name = en; path = en.lproj/iPhone.storyboard; sourceTree = "<group>"; };
		F1C78AE2155AD6C3009F39AC /* CalculatorViewController.h */ = {isa = PBXFileReference; lastKnownFileType = sourcecode.c.h; path = CalculatorViewController.h; sourceTree = "<group>"; };
		F1C78AE3155AD6C3009F39AC /* CalculatorViewController.m */ = {isa = PBXFileReference; lastKnownFileType = sourcecode.c.objc; path = CalculatorViewController.m; sourceTree = "<group>"; };
/* End PBXFileReference section */

/* Begin PBXFrameworksBuildPhase section */
		F1C78AC6155AD6C2009F39AC /* Frameworks */ = {
			isa = PBXFrameworksBuildPhase;
			buildActionMask = 2147483647;
			files = (
				F1C78ACE155AD6C3009F39AC /* UIKit.framework in Frameworks */,
				F1C78AD0155AD6C3009F39AC /* Foundation.framework in Frameworks */,
				F1C78AD2155AD6C3009F39AC /* CoreGraphics.framework in Frameworks */,
			);
			runOnlyForDeploymentPostprocessing = 0;
		};
/* End PBXFrameworksBuildPhase section */

/* Begin PBXGroup section */
		F1C78ABE155AD6C2009F39AC = {
			isa = PBXGroup;
			children = (
				F1C78AD3155AD6C3009F39AC /* Calculator */,
				F1C78ACC155AD6C3009F39AC /* Frameworks */,
				F1C78ACA155AD6C3009F39AC /* Products */,
			);
			sourceTree = "<group>";
		};
		F1C78ACA155AD6C3009F39AC /* Products */ = {
			isa = PBXGroup;
			children = (
				F1C78AC9155AD6C3009F39AC /* Calculator.app */,
			);
			name = Products;
			sourceTree = "<group>";
		};
		F1C78ACC155AD6C3009F39AC /* Frameworks */ = {
			isa = PBXGroup;
			children = (
				F1C78ACD155AD6C3009F39AC /* UIKit.framework */,
				F1C78ACF155AD6C3009F39AC /* Foundation.framework */,
				F1C78AD1155AD6C3009F39AC /* CoreGraphics.framework */,
			);
			name = Frameworks;
			sourceTree = "<group>";
		};
		F1C78AD3155AD6C3009F39AC /* Calculator */ = {
			isa = PBXGroup;
			children = (
				F12B8C1C15608F4100E2EF39 /* CalculatorBrain.h */,
				F12B8C1D15608F4100E2EF39 /* CalculatorBrain.m */,
				F107072515B9F15B009ECA2B /* AxesDrawer.h */,
				F107072615B9F15B009ECA2B /* AxesDrawer.m */,
				F1C78ADC155AD6C3009F39AC /* CalculatorAppDelegate.h */,
				F1C78ADD155AD6C3009F39AC /* CalculatorAppDelegate.m */,
				F107070F15B93298009ECA2B /* CalculatorGraphView.h */,
				F107071215B93321009ECA2B /* CalculatorGraphViewController.h */,
				F107071315B93321009ECA2B /* CalculatorGraphViewController.m */,
				F107071015B93298009ECA2B /* CalculatorGraphView.m */,
				F1C78ADF155AD6C3009F39AC /* iPhone.storyboard */,
				F1C78AE2155AD6C3009F39AC /* CalculatorViewController.h */,
				F1C78AE3155AD6C3009F39AC /* CalculatorViewController.m */,
				F1C78AD4155AD6C3009F39AC /* Supporting Files */,
			);
			path = Calculator;
			sourceTree = "<group>";
		};
		F1C78AD4155AD6C3009F39AC /* Supporting Files */ = {
			isa = PBXGroup;
			children = (
				F1C78AD5155AD6C3009F39AC /* Calculator-Info.plist */,
				F1C78AD6155AD6C3009F39AC /* InfoPlist.strings */,
				F1C78AD9155AD6C3009F39AC /* main.m */,
				F1C78ADB155AD6C3009F39AC /* Calculator-Prefix.pch */,
			);
			name = "Supporting Files";
			sourceTree = "<group>";
		};
/* End PBXGroup section */

/* Begin PBXNativeTarget section */
		F1C78AC8155AD6C2009F39AC /* Calculator */ = {
			isa = PBXNativeTarget;
			buildConfigurationList = F1C78AE7155AD6C3009F39AC /* Build configuration list for PBXNativeTarget "Calculator" */;
			buildPhases = (
				F1C78AC5155AD6C2009F39AC /* Sources */,
				F1C78AC6155AD6C2009F39AC /* Frameworks */,
				F1C78AC7155AD6C2009F39AC /* Resources */,
			);
			buildRules = (
			);
			dependencies = (
			);
			name = Calculator;
			productName = Calculator;
			productReference = F1C78AC9155AD6C3009F39AC /* Calculator.app */;
			productType = "com.apple.product-type.application";
		};
/* End PBXNativeTarget section */

/* Begin PBXProject section */
		F1C78AC0155AD6C2009F39AC /* Project object */ = {
			isa = PBXProject;
			attributes = {
				CLASSPREFIX = Calculator;
				LastUpgradeCheck = 0430;
			};
			buildConfigurationList = F1C78AC3155AD6C2009F39AC /* Build configuration list for PBXProject "Calculator" */;
			compatibilityVersion = "Xcode 3.2";
			developmentRegion = English;
			hasScannedForEncodings = 0;
			knownRegions = (
				en,
			);
			mainGroup = F1C78ABE155AD6C2009F39AC;
			productRefGroup = F1C78ACA155AD6C3009F39AC /* Products */;
			projectDirPath = "";
			projectRoot = "";
			targets = (
				F1C78AC8155AD6C2009F39AC /* Calculator */,
			);
		};
/* End PBXProject section */

/* Begin PBXResourcesBuildPhase section */
		F1C78AC7155AD6C2009F39AC /* Resources */ = {
			isa = PBXResourcesBuildPhase;
			buildActionMask = 2147483647;
			files = (
				F1C78AD8155AD6C3009F39AC /* InfoPlist.strings in Resources */,
				F1C78AE1155AD6C3009F39AC /* iPhone.storyboard in Resources */,
			);
			runOnlyForDeploymentPostprocessing = 0;
		};
/* End PBXResourcesBuildPhase section */

/* Begin PBXSourcesBuildPhase section */
		F1C78AC5155AD6C2009F39AC /* Sources */ = {
			isa = PBXSourcesBuildPhase;
			buildActionMask = 2147483647;
			files = (
				F1C78ADA155AD6C3009F39AC /* main.m in Sources */,
				F1C78ADE155AD6C3009F39AC /* CalculatorAppDelegate.m in Sources */,
				F1C78AE4155AD6C3009F39AC /* CalculatorViewController.m in Sources */,
				F12B8C1E15608F4100E2EF39 /* CalculatorBrain.m in Sources */,
				F107071115B93298009ECA2B /* CalculatorGraphView.m in Sources */,
				F107071415B93321009ECA2B /* CalculatorGraphViewController.m in Sources */,
				F107072715B9F15B009ECA2B /* AxesDrawer.m in Sources */,
			);
			runOnlyForDeploymentPostprocessing = 0;
		};
/* End PBXSourcesBuildPhase section */

/* Begin PBXVariantGroup section */
		F1C78AD6155AD6C3009F39AC /* InfoPlist.strings */ = {
			isa = PBXVariantGroup;
			children = (
				F1C78AD7155AD6C3009F39AC /* en */,
			);
			name = InfoPlist.strings;
			sourceTree = "<group>";
		};
		F1C78ADF155AD6C3009F39AC /* iPhone.storyboard */ = {
			isa = PBXVariantGroup;
			children = (
				F1C78AE0155AD6C3009F39AC /* en */,
			);
			name = iPhone.storyboard;
			sourceTree = "<group>";
		};
/* End PBXVariantGroup section */

/* Begin XCBuildConfiguration section */
		F1C78AE5155AD6C3009F39AC /* Debug */ = {
			isa = XCBuildConfiguration;
			buildSettings = {
				ALWAYS_SEARCH_USER_PATHS = NO;
				ARCHS = "$(ARCHS_STANDARD_32_BIT)";
				CLANG_ENABLE_OBJC_ARC = YES;
				"CODE_SIGN_IDENTITY[sdk=iphoneos*]" = "iPhone Developer";
				COPY_PHASE_STRIP = NO;
				GCC_C_LANGUAGE_STANDARD = gnu99;
				GCC_DYNAMIC_NO_PIC = NO;
				GCC_OPTIMIZATION_LEVEL = 0;
				GCC_PREPROCESSOR_DEFINITIONS = (
					"DEBUG=1",
					"$(inherited)",
				);
				GCC_SYMBOLS_PRIVATE_EXTERN = NO;
				GCC_VERSION = com.apple.compilers.llvm.clang.1_0;
				GCC_WARN_ABOUT_RETURN_TYPE = YES;
				GCC_WARN_UNINITIALIZED_AUTOS = YES;
				GCC_WARN_UNUSED_VARIABLE = YES;
				IPHONEOS_DEPLOYMENT_TARGET = 5.1;
				SDKROOT = iphoneos;
			};
			name = Debug;
		};
		F1C78AE6155AD6C3009F39AC /* Release */ = {
			isa = XCBuildConfiguration;
			buildSettings = {
				ALWAYS_SEARCH_USER_PATHS = NO;
				ARCHS = "$(ARCHS_STANDARD_32_BIT)";
				CLANG_ENABLE_OBJC_ARC = YES;
				"CODE_SIGN_IDENTITY[sdk=iphoneos*]" = "iPhone Developer";
				COPY_PHASE_STRIP = YES;
				GCC_C_LANGUAGE_STANDARD = gnu99;
				GCC_VERSION = com.apple.compilers.llvm.clang.1_0;
				GCC_WARN_ABOUT_RETURN_TYPE = YES;
				GCC_WARN_UNINITIALIZED_AUTOS = YES;
				GCC_WARN_UNUSED_VARIABLE = YES;
				IPHONEOS_DEPLOYMENT_TARGET = 5.1;
				OTHER_CFLAGS = "-DNS_BLOCK_ASSERTIONS=1";
				SDKROOT = iphoneos;
				VALIDATE_PRODUCT = YES;
			};
			name = Release;
		};
		F1C78AE8155AD6C3009F39AC /* Debug */ = {
			isa = XCBuildConfiguration;
			buildSettings = {
				GCC_PRECOMPILE_PREFIX_HEADER = YES;
				GCC_PREFIX_HEADER = "Calculator/Calculator-Prefix.pch";
				INFOPLIST_FILE = "Calculator/Calculator-Info.plist";
				IPHONEOS_DEPLOYMENT_TARGET = 5.0;
				PRODUCT_NAME = "$(TARGET_NAME)";
				TARGETED_DEVICE_FAMILY = "1,2";
				WRAPPER_EXTENSION = app;
			};
			name = Debug;
		};
		F1C78AE9155AD6C3009F39AC /* Release */ = {
			isa = XCBuildConfiguration;
			buildSettings = {
				GCC_PRECOMPILE_PREFIX_HEADER = YES;
				GCC_PREFIX_HEADER = "Calculator/Calculator-Prefix.pch";
				INFOPLIST_FILE = "Calculator/Calculator-Info.plist";
				IPHONEOS_DEPLOYMENT_TARGET = 5.0;
				PRODUCT_NAME = "$(TARGET_NAME)";
				TARGETED_DEVICE_FAMILY = "1,2";
				WRAPPER_EXTENSION = app;
			};
			name = Release;
		};
/* End XCBuildConfiguration section */

/* Begin XCConfigurationList section */
		F1C78AC3155AD6C2009F39AC /* Build configuration list for PBXProject "Calculator" */ = {
			isa = XCConfigurationList;
			buildConfigurations = (
				F1C78AE5155AD6C3009F39AC /* Debug */,
				F1C78AE6155AD6C3009F39AC /* Release */,
			);
			defaultConfigurationIsVisible = 0;
			defaultConfigurationName = Release;
		};
		F1C78AE7155AD6C3009F39AC /* Build configuration list for PBXNativeTarget "Calculator" */ = {
			isa = XCConfigurationList;
			buildConfigurations = (
				F1C78AE8155AD6C3009F39AC /* Debug */,
				F1C78AE9155AD6C3009F39AC /* Release */,
			);
			defaultConfigurationIsVisible = 0;
			defaultConfigurationName = Release;
		};
/* End XCConfigurationList section */
	};
	rootObject = F1C78AC0155AD6C2009F39AC /* Project object */;
}
